// !$*UTF8*$!
{
	archiveVersion = 1;
	classes = {
	};
	objectVersion = 50;
	objects = {

/* Begin PBXBuildFile section */
		100F2307243A7DF9003A6EAF /* AppDelegate.swift in Sources */ = {isa = PBXBuildFile; fileRef = 100F2306243A7DF9003A6EAF /* AppDelegate.swift */; };
		100F2309243A7DF9003A6EAF /* SceneDelegate.swift in Sources */ = {isa = PBXBuildFile; fileRef = 100F2308243A7DF9003A6EAF /* SceneDelegate.swift */; };
		100F230B243A7DF9003A6EAF /* CategoriesVC.swift in Sources */ = {isa = PBXBuildFile; fileRef = 100F230A243A7DF9003A6EAF /* CategoriesVC.swift */; };
		100F230E243A7DF9003A6EAF /* Main.storyboard in Resources */ = {isa = PBXBuildFile; fileRef = 100F230C243A7DF9003A6EAF /* Main.storyboard */; };
		100F2310243A7DFA003A6EAF /* Assets.xcassets in Resources */ = {isa = PBXBuildFile; fileRef = 100F230F243A7DFA003A6EAF /* Assets.xcassets */; };
		100F2313243A7DFA003A6EAF /* LaunchScreen.storyboard in Resources */ = {isa = PBXBuildFile; fileRef = 100F2311243A7DFA003A6EAF /* LaunchScreen.storyboard */; };
		106C6A1E243B6936001B5053 /* CategoryCell.swift in Sources */ = {isa = PBXBuildFile; fileRef = 106C6A1D243B6936001B5053 /* CategoryCell.swift */; };
		106C6A20243B6A26001B5053 /* Category.swift in Sources */ = {isa = PBXBuildFile; fileRef = 106C6A1F243B6A26001B5053 /* Category.swift */; };
		106C6A23243B6AE9001B5053 /* DataService.swift in Sources */ = {isa = PBXBuildFile; fileRef = 106C6A22243B6AE9001B5053 /* DataService.swift */; };
/* End PBXBuildFile section */

/* Begin PBXFileReference section */
		100F2303243A7DF9003A6EAF /* CoderSwag.app */ = {isa = PBXFileReference; explicitFileType = wrapper.application; includeInIndex = 0; path = CoderSwag.app; sourceTree = BUILT_PRODUCTS_DIR; };
		100F2306243A7DF9003A6EAF /* AppDelegate.swift */ = {isa = PBXFileReference; lastKnownFileType = sourcecode.swift; path = AppDelegate.swift; sourceTree = "<group>"; };
		100F2308243A7DF9003A6EAF /* SceneDelegate.swift */ = {isa = PBXFileReference; lastKnownFileType = sourcecode.swift; path = SceneDelegate.swift; sourceTree = "<group>"; };
		100F230A243A7DF9003A6EAF /* CategoriesVC.swift */ = {isa = PBXFileReference; lastKnownFileType = sourcecode.swift; path = CategoriesVC.swift; sourceTree = "<group>"; };
		100F230D243A7DF9003A6EAF /* Base */ = {isa = PBXFileReference; lastKnownFileType = file.storyboard; name = Base; path = Base.lproj/Main.storyboard; sourceTree = "<group>"; };
		100F230F243A7DFA003A6EAF /* Assets.xcassets */ = {isa = PBXFileReference; lastKnownFileType = folder.assetcatalog; path = Assets.xcassets; sourceTree = "<group>"; };
		100F2312243A7DFA003A6EAF /* Base */ = {isa = PBXFileReference; lastKnownFileType = file.storyboard; name = Base; path = Base.lproj/LaunchScreen.storyboard; sourceTree = "<group>"; };
		100F2314243A7DFA003A6EAF /* Info.plist */ = {isa = PBXFileReference; lastKnownFileType = text.plist.xml; path = Info.plist; sourceTree = "<group>"; };
		106C6A1D243B6936001B5053 /* CategoryCell.swift */ = {isa = PBXFileReference; lastKnownFileType = sourcecode.swift; path = CategoryCell.swift; sourceTree = "<group>"; };
		106C6A1F243B6A26001B5053 /* Category.swift */ = {isa = PBXFileReference; lastKnownFileType = sourcecode.swift; path = Category.swift; sourceTree = "<group>"; };
		106C6A22243B6AE9001B5053 /* DataService.swift */ = {isa = PBXFileReference; lastKnownFileType = sourcecode.swift; path = DataService.swift; sourceTree = "<group>"; };
/* End PBXFileReference section */

/* Begin PBXFrameworksBuildPhase section */
		100F2300243A7DF9003A6EAF /* Frameworks */ = {
			isa = PBXFrameworksBuildPhase;
			buildActionMask = 2147483647;
			files = (
			);
			runOnlyForDeploymentPostprocessing = 0;
		};
/* End PBXFrameworksBuildPhase section */

/* Begin PBXGroup section */
		100F22FA243A7DF9003A6EAF = {
			isa = PBXGroup;
			children = (
				100F2305243A7DF9003A6EAF /* CoderSwag */,
				100F2304243A7DF9003A6EAF /* Products */,
			);
			sourceTree = "<group>";
		};
		100F2304243A7DF9003A6EAF /* Products */ = {
			isa = PBXGroup;
			children = (
				100F2303243A7DF9003A6EAF /* CoderSwag.app */,
			);
			name = Products;
			sourceTree = "<group>";
		};
		100F2305243A7DF9003A6EAF /* CoderSwag */ = {
			isa = PBXGroup;
			children = (
				106C6A21243B6ADD001B5053 /* Services */,
				100F231C243A7E2B003A6EAF /* Model */,
				100F231B243A7E1D003A6EAF /* View */,
				100F231A243A7E16003A6EAF /* Controller */,
				100F2306243A7DF9003A6EAF /* AppDelegate.swift */,
				100F2308243A7DF9003A6EAF /* SceneDelegate.swift */,
				100F230C243A7DF9003A6EAF /* Main.storyboard */,
				100F230F243A7DFA003A6EAF /* Assets.xcassets */,
				100F2311243A7DFA003A6EAF /* LaunchScreen.storyboard */,
				100F2314243A7DFA003A6EAF /* Info.plist */,
			);
			path = CoderSwag;
			sourceTree = "<group>";
		};
		100F231A243A7E16003A6EAF /* Controller */ = {
			isa = PBXGroup;
			children = (
				100F230A243A7DF9003A6EAF /* CategoriesVC.swift */,
			);
			path = Controller;
			sourceTree = "<group>";
		};
		100F231B243A7E1D003A6EAF /* View */ = {
			isa = PBXGroup;
			children = (
				106C6A1D243B6936001B5053 /* CategoryCell.swift */,
			);
			path = View;
			sourceTree = "<group>";
		};
		100F231C243A7E2B003A6EAF /* Model */ = {
			isa = PBXGroup;
			children = (
				106C6A1F243B6A26001B5053 /* Category.swift */,
			);
			path = Model;
			sourceTree = "<group>";
		};
		106C6A21243B6ADD001B5053 /* Services */ = {
			isa = PBXGroup;
			children = (
				106C6A22243B6AE9001B5053 /* DataService.swift */,
			);
			path = Services;
			sourceTree = "<group>";
		};
/* End PBXGroup section */

/* Begin PBXNativeTarget section */
		100F2302243A7DF9003A6EAF /* CoderSwag */ = {
			isa = PBXNativeTarget;
			buildConfigurationList = 100F2317243A7DFA003A6EAF /* Build configuration list for PBXNativeTarget "CoderSwag" */;
			buildPhases = (
				100F22FF243A7DF9003A6EAF /* Sources */,
				100F2300243A7DF9003A6EAF /* Frameworks */,
				100F2301243A7DF9003A6EAF /* Resources */,
			);
			buildRules = (
			);
			dependencies = (
			);
			name = CoderSwag;
			productName = CoderSwag;
			productReference = 100F2303243A7DF9003A6EAF /* CoderSwag.app */;
			productType = "com.apple.product-type.application";
		};
/* End PBXNativeTarget section */

/* Begin PBXProject section */
		100F22FB243A7DF9003A6EAF /* Project object */ = {
			isa = PBXProject;
			attributes = {
				LastSwiftUpdateCheck = 1130;
				LastUpgradeCheck = 1130;
				ORGANIZATIONNAME = "Mohammad Shayan";
				TargetAttributes = {
					100F2302243A7DF9003A6EAF = {
						CreatedOnToolsVersion = 11.3.1;
					};
				};
			};
			buildConfigurationList = 100F22FE243A7DF9003A6EAF /* Build configuration list for PBXProject "CoderSwag" */;
			compatibilityVersion = "Xcode 9.3";
			developmentRegion = en;
			hasScannedForEncodings = 0;
			knownRegions = (
				en,
				Base,
			);
			mainGroup = 100F22FA243A7DF9003A6EAF;
			productRefGroup = 100F2304243A7DF9003A6EAF /* Products */;
			projectDirPath = "";
			projectRoot = "";
			targets = (
				100F2302243A7DF9003A6EAF /* CoderSwag */,
			);
		};
/* End PBXProject section */

/* Begin PBXResourcesBuildPhase section */
		100F2301243A7DF9003A6EAF /* Resources */ = {
			isa = PBXResourcesBuildPhase;
			buildActionMask = 2147483647;
			files = (
				100F2313243A7DFA003A6EAF /* LaunchScreen.storyboard in Resources */,
				100F2310243A7DFA003A6EAF /* Assets.xcassets in Resources */,
				100F230E243A7DF9003A6EAF /* Main.storyboard in Resources */,
			);
			runOnlyForDeploymentPostprocessing = 0;
		};
/* End PBXResourcesBuildPhase section */

/* Begin PBXSourcesBuildPhase section */
		100F22FF243A7DF9003A6EAF /* Sources */ = {
			isa = PBXSourcesBuildPhase;
			buildActionMask = 2147483647;
			files = (
				100F230B243A7DF9003A6EAF /* CategoriesVC.swift in Sources */,
				106C6A20243B6A26001B5053 /* Category.swift in Sources */,
				100F2307243A7DF9003A6EAF /* AppDelegate.swift in Sources */,
				106C6A23243B6AE9001B5053 /* DataService.swift in Sources */,
				100F2309243A7DF9003A6EAF /* SceneDelegate.swift in Sources */,
				106C6A1E243B6936001B5053 /* CategoryCell.swift in Sources */,
			);
			runOnlyForDeploymentPostprocessing = 0;
		};
/* End PBXSourcesBuildPhase section */

/* Begin PBXVariantGroup section */
		100F230C243A7DF9003A6EAF /* Main.storyboard */ = {
			isa = PBXVariantGroup;
			children = (
				100F230D243A7DF9003A6EAF /* Base */,
			);
			name = Main.storyboard;
			sourceTree = "<group>";
		};
		100F2311243A7DFA003A6EAF /* LaunchScreen.storyboard */ = {
			isa = PBXVariantGroup;
			children = (
				100F2312243A7DFA003A6EAF /* Base */,
			);
			name = LaunchScreen.storyboard;
			sourceTree = "<group>";
		};
/* End PBXVariantGroup section */

/* Begin XCBuildConfiguration section */
		100F2315243A7DFA003A6EAF /* Debug */ = {
			isa = XCBuildConfiguration;
			buildSettings = {
				ALWAYS_SEARCH_USER_PATHS = NO;
				CLANG_ANALYZER_NONNULL = YES;
				CLANG_ANALYZER_NUMBER_OBJECT_CONVERSION = YES_AGGRESSIVE;
				CLANG_CXX_LANGUAGE_STANDARD = "gnu++14";
				CLANG_CXX_LIBRARY = "libc++";
				CLANG_ENABLE_MODULES = YES;
				CLANG_ENABLE_OBJC_ARC = YES;
				CLANG_ENABLE_OBJC_WEAK = YES;
				CLANG_WARN_BLOCK_CAPTURE_AUTORELEASING = YES;
				CLANG_WARN_BOOL_CONVERSION = YES;
				CLANG_WARN_COMMA = YES;
				CLANG_WARN_CONSTANT_CONVERSION = YES;
				CLANG_WARN_DEPRECATED_OBJC_IMPLEMENTATIONS = YES;
				CLANG_WARN_DIRECT_OBJC_ISA_USAGE = YES_ERROR;
				CLANG_WARN_DOCUMENTATION_COMMENTS = YES;
				CLANG_WARN_EMPTY_BODY = YES;
				CLANG_WARN_ENUM_CONVERSION = YES;
				CLANG_WARN_INFINITE_RECURSION = YES;
				CLANG_WARN_INT_CONVERSION = YES;
				CLANG_WARN_NON_LITERAL_NULL_CONVERSION = YES;
				CLANG_WARN_OBJC_IMPLICIT_RETAIN_SELF = YES;
				CLANG_WARN_OBJC_LITERAL_CONVERSION = YES;
				CLANG_WARN_OBJC_ROOT_CLASS = YES_ERROR;
				CLANG_WARN_RANGE_LOOP_ANALYSIS = YES;
				CLANG_WARN_STRICT_PROTOTYPES = YES;
				CLANG_WARN_SUSPICIOUS_MOVE = YES;
				CLANG_WARN_UNGUARDED_AVAILABILITY = YES_AGGRESSIVE;
				CLANG_WARN_UNREACHABLE_CODE = YES;
				CLANG_WARN__DUPLICATE_METHOD_MATCH = YES;
				COPY_PHASE_STRIP = NO;
				DEBUG_INFORMATION_FORMAT = dwarf;
				ENABLE_STRICT_OBJC_MSGSEND = YES;
				ENABLE_TESTABILITY = YES;
				GCC_C_LANGUAGE_STANDARD = gnu11;
				GCC_DYNAMIC_NO_PIC = NO;
				GCC_NO_COMMON_BLOCKS = YES;
				GCC_OPTIMIZATION_LEVEL = 0;
				GCC_PREPROCESSOR_DEFINITIONS = (
					"DEBUG=1",
					"$(inherited)",
				);
				GCC_WARN_64_TO_32_BIT_CONVERSION = YES;
				GCC_WARN_ABOUT_RETURN_TYPE = YES_ERROR;
				GCC_WARN_UNDECLARED_SELECTOR = YES;
				GCC_WARN_UNINITIALIZED_AUTOS = YES_AGGRESSIVE;
				GCC_WARN_UNUSED_FUNCTION = YES;
				GCC_WARN_UNUSED_VARIABLE = YES;
				IPHONEOS_DEPLOYMENT_TARGET = 13.2;
				MTL_ENABLE_DEBUG_INFO = INCLUDE_SOURCE;
				MTL_FAST_MATH = YES;
				ONLY_ACTIVE_ARCH = YES;
				SDKROOT = iphoneos;
				SWIFT_ACTIVE_COMPILATION_CONDITIONS = DEBUG;
				SWIFT_OPTIMIZATION_LEVEL = "-Onone";
			};
			name = Debug;
		};
		100F2316243A7DFA003A6EAF /* Release */ = {
			isa = XCBuildConfiguration;
			buildSettings = {
				ALWAYS_SEARCH_USER_PATHS = NO;
				CLANG_ANALYZER_NONNULL = YES;
				CLANG_ANALYZER_NUMBER_OBJECT_CONVERSION = YES_AGGRESSIVE;
				CLANG_CXX_LANGUAGE_STANDARD = "gnu++14";
				CLANG_CXX_LIBRARY = "libc++";
				CLANG_ENABLE_MODULES = YES;
				CLANG_ENABLE_OBJC_ARC = YES;
				CLANG_ENABLE_OBJC_WEAK = YES;
				CLANG_WARN_BLOCK_CAPTURE_AUTORELEASING = YES;
				CLANG_WARN_BOOL_CONVERSION = YES;
				CLANG_WARN_COMMA = YES;
				CLANG_WARN_CONSTANT_CONVERSION = YES;
				CLANG_WARN_DEPRECATED_OBJC_IMPLEMENTATIONS = YES;
				CLANG_WARN_DIRECT_OBJC_ISA_USAGE = YES_ERROR;
				CLANG_WARN_DOCUMENTATION_COMMENTS = YES;
				CLANG_WARN_EMPTY_BODY = YES;
				CLANG_WARN_ENUM_CONVERSION = YES;
				CLANG_WARN_INFINITE_RECURSION = YES;
				CLANG_WARN_INT_CONVERSION = YES;
				CLANG_WARN_NON_LITERAL_NULL_CONVERSION = YES;
				CLANG_WARN_OBJC_IMPLICIT_RETAIN_SELF = YES;
				CLANG_WARN_OBJC_LITERAL_CONVERSION = YES;
				CLANG_WARN_OBJC_ROOT_CLASS = YES_ERROR;
				CLANG_WARN_RANGE_LOOP_ANALYSIS = YES;
				CLANG_WARN_STRICT_PROTOTYPES = YES;
				CLANG_WARN_SUSPICIOUS_MOVE = YES;
				CLANG_WARN_UNGUARDED_AVAILABILITY = YES_AGGRESSIVE;
				CLANG_WARN_UNREACHABLE_CODE = YES;
				CLANG_WARN__DUPLICATE_METHOD_MATCH = YES;
				COPY_PHASE_STRIP = NO;
				DEBUG_INFORMATION_FORMAT = "dwarf-with-dsym";
				ENABLE_NS_ASSERTIONS = NO;
				ENABLE_STRICT_OBJC_MSGSEND = YES;
				GCC_C_LANGUAGE_STANDARD = gnu11;
				GCC_NO_COMMON_BLOCKS = YES;
				GCC_WARN_64_TO_32_BIT_CONVERSION = YES;
				GCC_WARN_ABOUT_RETURN_TYPE = YES_ERROR;
				GCC_WARN_UNDECLARED_SELECTOR = YES;
				GCC_WARN_UNINITIALIZED_AUTOS = YES_AGGRESSIVE;
				GCC_WARN_UNUSED_FUNCTION = YES;
				GCC_WARN_UNUSED_VARIABLE = YES;
				IPHONEOS_DEPLOYMENT_TARGET = 13.2;
				MTL_ENABLE_DEBUG_INFO = NO;
				MTL_FAST_MATH = YES;
				SDKROOT = iphoneos;
				SWIFT_COMPILATION_MODE = wholemodule;
				SWIFT_OPTIMIZATION_LEVEL = "-O";
				VALIDATE_PRODUCT = YES;
			};
			name = Release;
		};
		100F2318243A7DFA003A6EAF /* Debug */ = {
			isa = XCBuildConfiguration;
			buildSettings = {
				ASSETCATALOG_COMPILER_APPICON_NAME = AppIcon;
				CODE_SIGN_STYLE = Automatic;
				DEVELOPMENT_TEAM = HB98CM97SS;
				INFOPLIST_FILE = CoderSwag/Info.plist;
				LD_RUNPATH_SEARCH_PATHS = (
					"$(inherited)",
					"@executable_path/Frameworks",
				);
				PRODUCT_BUNDLE_IDENTIFIER = com.mshayanh13.CoderSwag;
				PRODUCT_NAME = "$(TARGET_NAME)";
				SWIFT_VERSION = 5.0;
				TARGETED_DEVICE_FAMILY = "1,2";
			};
			name = Debug;
		};
		100F2319243A7DFA003A6EAF /* Release */ = {
			isa = XCBuildConfiguration;
			buildSettings = {
				ASSETCATALOG_COMPILER_APPICON_NAME = AppIcon;
				CODE_SIGN_STYLE = Automatic;
				DEVELOPMENT_TEAM = HB98CM97SS;
				INFOPLIST_FILE = CoderSwag/Info.plist;
				LD_RUNPATH_SEARCH_PATHS = (
					"$(inherited)",
					"@executable_path/Frameworks",
				);
				PRODUCT_BUNDLE_IDENTIFIER = com.mshayanh13.CoderSwag;
				PRODUCT_NAME = "$(TARGET_NAME)";
				SWIFT_VERSION = 5.0;
				TARGETED_DEVICE_FAMILY = "1,2";
			};
			name = Release;
		};
/* End XCBuildConfiguration section */

/* Begin XCConfigurationList section */
		100F22FE243A7DF9003A6EAF /* Build configuration list for PBXProject "CoderSwag" */ = {
			isa = XCConfigurationList;
			buildConfigurations = (
				100F2315243A7DFA003A6EAF /* Debug */,
				100F2316243A7DFA003A6EAF /* Release */,
			);
			defaultConfigurationIsVisible = 0;
			defaultConfigurationName = Release;
		};
		100F2317243A7DFA003A6EAF /* Build configuration list for PBXNativeTarget "CoderSwag" */ = {
			isa = XCConfigurationList;
			buildConfigurations = (
				100F2318243A7DFA003A6EAF /* Debug */,
				100F2319243A7DFA003A6EAF /* Release */,
			);
			defaultConfigurationIsVisible = 0;
			defaultConfigurationName = Release;
		};
/* End XCConfigurationList section */
	};
	rootObject = 100F22FB243A7DF9003A6EAF /* Project object */;
}
